
Microsoft Visual Studio Solution File, Format Version 12.00
# Visual Studio Version 16
VisualStudioVersion = 16.0.29001.49
MinimumVisualStudioVersion = 10.0.40219.1
Project("{FAE04EC0-301F-11D3-BF4B-00C04F79EFBC}") = "MealPlanCalendar", "MealPlanCalendar\MealPlanCalendar.csproj", "{DDFAB147-BD65-4D8F-906D-03D944A730CF}"
EndProject
Global
	GlobalSection(SolutionConfigurationPlatforms) = preSolution
		Debug|Any CPU = Debug|Any CPU
		Release|Any CPU = Release|Any CPU
	EndGlobalSection
	GlobalSection(ProjectConfigurationPlatforms) = postSolution
		{DDFAB147-BD65-4D8F-906D-03D944A730CF}.Debug|Any CPU.ActiveCfg = Debug|Any CPU
		{DDFAB147-BD65-4D8F-906D-03D944A730CF}.Debug|Any CPU.Build.0 = Debug|Any CPU
		{DDFAB147-BD65-4D8F-906D-03D944A730CF}.Release|Any CPU.ActiveCfg = Release|Any CPU
		{DDFAB147-BD65-4D8F-906D-03D944A730CF}.Release|Any CPU.Build.0 = Release|Any CPU
	EndGlobalSection
	GlobalSection(SolutionProperties) = preSolution
		HideSolutionNode = FALSE
	EndGlobalSection
	GlobalSection(ExtensibilityGlobals) = postSolution
		SolutionGuid = {337386A9-8427-4CD8-AF6E-975D6CC60B49}
	EndGlobalSection
EndGlobal
